Microsoft Visual Studio Solution File, Format Version 12.00
# Visual Studio Version 17
VisualStudioVersion = 17.5.2.0
MinimumVisualStudioVersion = 10.0.40219.1
Project("{FAE04EC0-301F-11D3-BF4B-00C04F79EFBC}") = "GerenciamentoMigracaoMonolitoParaMS.app", "GerenciamentoMigracaoMonolitoParaMS.app.csproj", "{A76253B6-9A45-B75F-1F22-B29EB2C15569}"
EndProject
Global
	GlobalSection(SolutionConfigurationPlatforms) = preSolution
		Debug|Any CPU = Debug|Any CPU
		Release|Any CPU = Release|Any CPU
	EndGlobalSection
	GlobalSection(ProjectConfigurationPlatforms) = postSolution
		{A76253B6-9A45-B75F-1F22-B29EB2C15569}.Debug|Any CPU.ActiveCfg = Debug|Any CPU
		{A76253B6-9A45-B75F-1F22-B29EB2C15569}.Debug|Any CPU.Build.0 = Debug|Any CPU
		{A76253B6-9A45-B75F-1F22-B29EB2C15569}.Release|Any CPU.ActiveCfg = Release|Any CPU
		{A76253B6-9A45-B75F-1F22-B29EB2C15569}.Release|Any CPU.Build.0 = Release|Any CPU
	EndGlobalSection
	GlobalSection(SolutionProperties) = preSolution
		HideSolutionNode = FALSE
	EndGlobalSection
	GlobalSection(ExtensibilityGlobals) = postSolution
		SolutionGuid = {25962D8C-7245-4FE5-914E-C3EFC1246458}
	EndGlobalSection
EndGlobal
